{
  "version": 4,
  "terraform_version": "1.12.0",
  "serial": 3,
  "lineage": "103de503-3543-fe57-f412-a500564cc66b",
  "outputs": {},
  "resources": [
    {
      "mode": "managed",
      "type": "incus_instance",
      "name": "app_api",
      "provider": "provider[\"registry.opentofu.org/lxc/incus\"]",
      "instances": [
        {
          "schema_version": 0,
          "attributes": {
            "architecture": "x86_64",
            "config": {},
            "description": "",
            "device": [
              {
                "name": "eth0",
                "properties": {
                  "network": "lab-ovn"
                },
                "type": "nic"
              }
            ],
            "ephemeral": false,
            "file": [],
            "image": "images:ubuntu/24.04",
            "ipv4_address": null,
            "ipv6_address": null,
            "mac_address": "10:66:6a:8b:1f:c5",
            "name": "app-api",
            "profiles": [
              "default"
            ],
            "project": null,
            "remote": null,
            "running": true,
            "source_file": null,
            "source_instance": null,
            "status": "Running",
            "target": "",
            "type": "container",
            "wait_for": []
          },
          "sensitive_attributes": []
        }
      ]
    },
    {
      "mode": "managed",
      "type": "incus_instance",
      "name": "app_core",
      "provider": "provider[\"registry.opentofu.org/lxc/incus\"]",
      "instances": [
        {
          "schema_version": 0,
          "attributes": {
            "architecture": "x86_64",
            "config": {},
            "description": "",
            "device": [
              {
                "name": "eth0",
                "properties": {
                  "network": "lab-ovn"
                },
                "type": "nic"
              }
            ],
            "ephemeral": false,
            "file": [],
            "image": "images:ubuntu/24.04",
            "ipv4_address": null,
            "ipv6_address": null,
            "mac_address": "10:66:6a:d7:98:80",
            "name": "app-core",
            "profiles": [
              "default"
            ],
            "project": null,
            "remote": null,
            "running": true,
            "source_file": null,
            "source_instance": null,
            "status": "Running",
            "target": "",
            "type": "container",
            "wait_for": []
          },
          "sensitive_attributes": []
        }
      ]
    },
    {
      "mode": "managed",
      "type": "incus_instance",
      "name": "db_postgres",
      "provider": "provider[\"registry.opentofu.org/lxc/incus\"]",
      "instances": [
        {
          "schema_version": 0,
          "attributes": {
            "architecture": "x86_64",
            "config": {},
            "description": "",
            "device": [
              {
                "name": "eth0",
                "properties": {
                  "network": "lab-ovn"
                },
                "type": "nic"
              }
            ],
            "ephemeral": false,
            "file": [],
            "image": "images:ubuntu/24.04",
            "ipv4_address": "10.10.0.4",
            "ipv6_address": null,
            "mac_address": "10:66:6a:d5:94:ba",
            "name": "db-postgres",
            "profiles": [
              "default"
            ],
            "project": null,
            "remote": null,
            "running": true,
            "source_file": null,
            "source_instance": null,
            "status": "Running",
            "target": "",
            "type": "container",
            "wait_for": []
          },
          "sensitive_attributes": []
        }
      ]
    },
    {
      "mode": "managed",
      "type": "incus_instance",
      "name": "monitoring",
      "provider": "provider[\"registry.opentofu.org/lxc/incus\"]",
      "instances": [
        {
          "schema_version": 0,
          "attributes": {
            "architecture": "x86_64",
            "config": {},
            "description": "",
            "device": [
              {
                "name": "eth0",
                "properties": {
                  "network": "lab-ovn"
                },
                "type": "nic"
              }
            ],
            "ephemeral": false,
            "file": [],
            "image": "images:ubuntu/24.04",
            "ipv4_address": null,
            "ipv6_address": null,
            "mac_address": "10:66:6a:d4:25:5e",
            "name": "monitoring",
            "profiles": [
              "default"
            ],
            "project": null,
            "remote": null,
            "running": true,
            "source_file": null,
            "source_instance": null,
            "status": "Running",
            "target": "",
            "type": "container",
            "wait_for": []
          },
          "sensitive_attributes": []
        }
      ]
    },
    {
      "mode": "managed",
      "type": "incus_instance",
      "name": "node_control",
      "provider": "provider[\"registry.opentofu.org/lxc/incus\"]",
      "instances": [
        {
          "schema_version": 0,
          "attributes": {
            "architecture": "x86_64",
            "config": {},
            "description": "",
            "device": [
              {
                "name": "eth0",
                "properties": {
                  "network": "lab-ovn"
                },
                "type": "nic"
              }
            ],
            "ephemeral": false,
            "file": [],
            "image": "images:ubuntu/24.04",
            "ipv4_address": null,
            "ipv6_address": null,
            "mac_address": "10:66:6a:46:46:5d",
            "name": "node-control",
            "profiles": [
              "default"
            ],
            "project": null,
            "remote": null,
            "running": true,
            "source_file": null,
            "source_instance": null,
            "status": "Running",
            "target": "",
            "type": "container",
            "wait_for": []
          },
          "sensitive_attributes": []
        }
      ]
    }
  ],
  "check_results": null
}

